
Microsoft Visual Studio Solution File, Format Version 12.00
# Visual Studio Version 17
VisualStudioVersion = 17.5.33414.496
MinimumVisualStudioVersion = 10.0.40219.1
Project("{FAE04EC0-301F-11D3-BF4B-00C04F79EFBC}") = "TestProject1", "TestProject1\TestProject1.csproj", "{D02A7AFD-D87B-49B2-A756-F6A69D4EB5CD}"
EndProject
Global
	GlobalSection(SolutionConfigurationPlatforms) = preSolution
		Debug|Any CPU = Debug|Any CPU
		Release|Any CPU = Release|Any CPU
	EndGlobalSection
	GlobalSection(ProjectConfigurationPlatforms) = postSolution
		{D02A7AFD-D87B-49B2-A756-F6A69D4EB5CD}.Debug|Any CPU.ActiveCfg = Debug|Any CPU
		{D02A7AFD-D87B-49B2-A756-F6A69D4EB5CD}.Debug|Any CPU.Build.0 = Debug|Any CPU
		{D02A7AFD-D87B-49B2-A756-F6A69D4EB5CD}.Release|Any CPU.ActiveCfg = Release|Any CPU
		{D02A7AFD-D87B-49B2-A756-F6A69D4EB5CD}.Release|Any CPU.Build.0 = Release|Any CPU
	EndGlobalSection
	GlobalSection(SolutionProperties) = preSolution
		HideSolutionNode = FALSE
	EndGlobalSection
	GlobalSection(ExtensibilityGlobals) = postSolution
		SolutionGuid = {1C933AF4-789B-4C27-A0FF-36463D1D81AB}
	EndGlobalSection
EndGlobal
